
Microsoft Visual Studio Solution File, Format Version 12.00
# Visual Studio 15
Project("{FAE04EC0-301F-11D3-BF4B-00C04F79EFBC}") = "VacationToHawaiiApp", "VacationToHawaiiApp\VacationToHawaiiApp.csproj", "{BA0E3FC8-F2E9-4068-82F3-2F679CB8B8EF}"
EndProject
Global
	GlobalSection(SolutionConfigurationPlatforms) = preSolution
		Debug|Any CPU = Debug|Any CPU
		Release|Any CPU = Release|Any CPU
	EndGlobalSection
	GlobalSection(ProjectConfigurationPlatforms) = postSolution
		{BA0E3FC8-F2E9-4068-82F3-2F679CB8B8EF}.Debug|Any CPU.ActiveCfg = Debug|Any CPU
		{BA0E3FC8-F2E9-4068-82F3-2F679CB8B8EF}.Debug|Any CPU.Build.0 = Debug|Any CPU
		{BA0E3FC8-F2E9-4068-82F3-2F679CB8B8EF}.Release|Any CPU.ActiveCfg = Release|Any CPU
		{BA0E3FC8-F2E9-4068-82F3-2F679CB8B8EF}.Release|Any CPU.Build.0 = Release|Any CPU
	EndGlobalSection
EndGlobal
